
Microsoft Visual Studio Solution File, Format Version 12.00
# Visual Studio Version 16
VisualStudioVersion = 16.6.30114.105
MinimumVisualStudioVersion = 10.0.40219.1
Project("{FAE04EC0-301F-11D3-BF4B-00C04F79EFBC}") = "API", "API\API.csproj", "{331B4B3C-99D6-4BFF-9A66-E05B62669962}"
EndProject
Project("{FAE04EC0-301F-11D3-BF4B-00C04F79EFBC}") = "Persistence", "Persistence\Persistence.csproj", "{8C7C8E7F-EC64-43A7-A289-81E0A1A06643}"
EndProject
Project("{FAE04EC0-301F-11D3-BF4B-00C04F79EFBC}") = "Domain", "Domain\Domain.csproj", "{C6055EED-9CF6-49EA-A244-0DC007833A1A}"
EndProject
Global
	GlobalSection(SolutionConfigurationPlatforms) = preSolution
		Debug|Any CPU = Debug|Any CPU
		Debug|x64 = Debug|x64
		Debug|x86 = Debug|x86
		Release|Any CPU = Release|Any CPU
		Release|x64 = Release|x64
		Release|x86 = Release|x86
	EndGlobalSection
	GlobalSection(SolutionProperties) = preSolution
		HideSolutionNode = FALSE
	EndGlobalSection
	GlobalSection(ProjectConfigurationPlatforms) = postSolution
		{331B4B3C-99D6-4BFF-9A66-E05B62669962}.Debug|Any CPU.ActiveCfg = Debug|Any CPU
		{331B4B3C-99D6-4BFF-9A66-E05B62669962}.Debug|Any CPU.Build.0 = Debug|Any CPU
		{331B4B3C-99D6-4BFF-9A66-E05B62669962}.Debug|x64.ActiveCfg = Debug|Any CPU
		{331B4B3C-99D6-4BFF-9A66-E05B62669962}.Debug|x64.Build.0 = Debug|Any CPU
		{331B4B3C-99D6-4BFF-9A66-E05B62669962}.Debug|x86.ActiveCfg = Debug|Any CPU
		{331B4B3C-99D6-4BFF-9A66-E05B62669962}.Debug|x86.Build.0 = Debug|Any CPU
		{331B4B3C-99D6-4BFF-9A66-E05B62669962}.Release|Any CPU.ActiveCfg = Release|Any CPU
		{331B4B3C-99D6-4BFF-9A66-E05B62669962}.Release|Any CPU.Build.0 = Release|Any CPU
		{331B4B3C-99D6-4BFF-9A66-E05B62669962}.Release|x64.ActiveCfg = Release|Any CPU
		{331B4B3C-99D6-4BFF-9A66-E05B62669962}.Release|x64.Build.0 = Release|Any CPU
		{331B4B3C-99D6-4BFF-9A66-E05B62669962}.Release|x86.ActiveCfg = Release|Any CPU
		{331B4B3C-99D6-4BFF-9A66-E05B62669962}.Release|x86.Build.0 = Release|Any CPU
		{8C7C8E7F-EC64-43A7-A289-81E0A1A06643}.Debug|Any CPU.ActiveCfg = Debug|Any CPU
		{8C7C8E7F-EC64-43A7-A289-81E0A1A06643}.Debug|Any CPU.Build.0 = Debug|Any CPU
		{8C7C8E7F-EC64-43A7-A289-81E0A1A06643}.Debug|x64.ActiveCfg = Debug|Any CPU
		{8C7C8E7F-EC64-43A7-A289-81E0A1A06643}.Debug|x64.Build.0 = Debug|Any CPU
		{8C7C8E7F-EC64-43A7-A289-81E0A1A06643}.Debug|x86.ActiveCfg = Debug|Any CPU
		{8C7C8E7F-EC64-43A7-A289-81E0A1A06643}.Debug|x86.Build.0 = Debug|Any CPU
		{8C7C8E7F-EC64-43A7-A289-81E0A1A06643}.Release|Any CPU.ActiveCfg = Release|Any CPU
		{8C7C8E7F-EC64-43A7-A289-81E0A1A06643}.Release|Any CPU.Build.0 = Release|Any CPU
		{8C7C8E7F-EC64-43A7-A289-81E0A1A06643}.Release|x64.ActiveCfg = Release|Any CPU
		{8C7C8E7F-EC64-43A7-A289-81E0A1A06643}.Release|x64.Build.0 = Release|Any CPU
		{8C7C8E7F-EC64-43A7-A289-81E0A1A06643}.Release|x86.ActiveCfg = Release|Any CPU
		{8C7C8E7F-EC64-43A7-A289-81E0A1A06643}.Release|x86.Build.0 = Release|Any CPU
		{C6055EED-9CF6-49EA-A244-0DC007833A1A}.Debug|Any CPU.ActiveCfg = Debug|Any CPU
		{C6055EED-9CF6-49EA-A244-0DC007833A1A}.Debug|Any CPU.Build.0 = Debug|Any CPU
		{C6055EED-9CF6-49EA-A244-0DC007833A1A}.Debug|x64.ActiveCfg = Debug|Any CPU
		{C6055EED-9CF6-49EA-A244-0DC007833A1A}.Debug|x64.Build.0 = Debug|Any CPU
		{C6055EED-9CF6-49EA-A244-0DC007833A1A}.Debug|x86.ActiveCfg = Debug|Any CPU
		{C6055EED-9CF6-49EA-A244-0DC007833A1A}.Debug|x86.Build.0 = Debug|Any CPU
		{C6055EED-9CF6-49EA-A244-0DC007833A1A}.Release|Any CPU.ActiveCfg = Release|Any CPU
		{C6055EED-9CF6-49EA-A244-0DC007833A1A}.Release|Any CPU.Build.0 = Release|Any CPU
		{C6055EED-9CF6-49EA-A244-0DC007833A1A}.Release|x64.ActiveCfg = Release|Any CPU
		{C6055EED-9CF6-49EA-A244-0DC007833A1A}.Release|x64.Build.0 = Release|Any CPU
		{C6055EED-9CF6-49EA-A244-0DC007833A1A}.Release|x86.ActiveCfg = Release|Any CPU
		{C6055EED-9CF6-49EA-A244-0DC007833A1A}.Release|x86.Build.0 = Release|Any CPU
	EndGlobalSection
EndGlobal
